// !$*UTF8*$!
{
	archiveVersion = 1;
	classes = {
	};
	objectVersion = 46;
	objects = {

/* Begin PBXBuildFile section */
		6C6A98C11F2825910030EA66 /* main.m in Sources */ = {isa = PBXBuildFile; fileRef = 6C6A98C01F2825910030EA66 /* main.m */; };
		6C6A98C41F2825910030EA66 /* AppDelegate.m in Sources */ = {isa = PBXBuildFile; fileRef = 6C6A98C31F2825910030EA66 /* AppDelegate.m */; };
		6C6A98C71F2825910030EA66 /* ViewController.m in Sources */ = {isa = PBXBuildFile; fileRef = 6C6A98C61F2825910030EA66 /* ViewController.m */; };
		6C6A98CA1F2825910030EA66 /* Main.storyboard in Resources */ = {isa = PBXBuildFile; fileRef = 6C6A98C81F2825910030EA66 /* Main.storyboard */; };
		6C6A98CC1F2825910030EA66 /* Assets.xcassets in Resources */ = {isa = PBXBuildFile; fileRef = 6C6A98CB1F2825910030EA66 /* Assets.xcassets */; };
		6C6A98CF1F2825910030EA66 /* LaunchScreen.storyboard in Resources */ = {isa = PBXBuildFile; fileRef = 6C6A98CD1F2825910030EA66 /* LaunchScreen.storyboard */; };
		6C6A98DA1F2825920030EA66 /* TestDemoTests.m in Sources */ = {isa = PBXBuildFile; fileRef = 6C6A98D91F2825920030EA66 /* TestDemoTests.m */; };
		6C6A98E51F2825920030EA66 /* TestDemoUITests.m in Sources */ = {isa = PBXBuildFile; fileRef = 6C6A98E41F2825920030EA66 /* TestDemoUITests.m */; };
		6C6A98F41F28263E0030EA66 /* myKVO.m in Sources */ = {isa = PBXBuildFile; fileRef = 6C6A98F31F28263E0030EA66 /* myKVO.m */; };
/* End PBXBuildFile section */

/* Begin PBXContainerItemProxy section */
		6C6A98D61F2825920030EA66 /* PBXContainerItemProxy */ = {
			isa = PBXContainerItemProxy;
			containerPortal = 6C6A98B41F2825910030EA66 /* Project object */;
			proxyType = 1;
			remoteGlobalIDString = 6C6A98BB1F2825910030EA66;
			remoteInfo = TestDemo;
		};
		6C6A98E11F2825920030EA66 /* PBXContainerItemProxy */ = {
			isa = PBXContainerItemProxy;
			containerPortal = 6C6A98B41F2825910030EA66 /* Project object */;
			proxyType = 1;
			remoteGlobalIDString = 6C6A98BB1F2825910030EA66;
			remoteInfo = TestDemo;
		};
/* End PBXContainerItemProxy section */

/* Begin PBXFileReference section */
		6C6A98BC1F2825910030EA66 /* TestDemo.app */ = {isa = PBXFileReference; explicitFileType = wrapper.application; includeInIndex = 0; path = TestDemo.app; sourceTree = BUILT_PRODUCTS_DIR; };
		6C6A98C01F2825910030EA66 /* main.m */ = {isa = PBXFileReference; lastKnownFileType = sourcecode.c.objc; path = main.m; sourceTree = "<group>"; };
		6C6A98C21F2825910030EA66 /* AppDelegate.h */ = {isa = PBXFileReference; lastKnownFileType = sourcecode.c.h; path = AppDelegate.h; sourceTree = "<group>"; };
		6C6A98C31F2825910030EA66 /* AppDelegate.m */ = {isa = PBXFileReference; lastKnownFileType = sourcecode.c.objc; path = AppDelegate.m; sourceTree = "<group>"; };
		6C6A98C51F2825910030EA66 /* ViewController.h */ = {isa = PBXFileReference; lastKnownFileType = sourcecode.c.h; path = ViewController.h; sourceTree = "<group>"; };
		6C6A98C61F2825910030EA66 /* ViewController.m */ = {isa = PBXFileReference; lastKnownFileType = sourcecode.c.objc; path = ViewController.m; sourceTree = "<group>"; };
		6C6A98C91F2825910030EA66 /* Base */ = {isa = PBXFileReference; lastKnownFileType = file.storyboard; name = Base; path = Base.lproj/Main.storyboard; sourceTree = "<group>"; };
		6C6A98CB1F2825910030EA66 /* Assets.xcassets */ = {isa = PBXFileReference; lastKnownFileType = folder.assetcatalog; path = Assets.xcassets; sourceTree = "<group>"; };
		6C6A98CE1F2825910030EA66 /* Base */ = {isa = PBXFileReference; lastKnownFileType = file.storyboard; name = Base; path = Base.lproj/LaunchScreen.storyboard; sourceTree = "<group>"; };
		6C6A98D01F2825910030EA66 /* Info.plist */ = {isa = PBXFileReference; lastKnownFileType = text.plist.xml; path = Info.plist; sourceTree = "<group>"; };
		6C6A98D51F2825920030EA66 /* TestDemoTests.xctest */ = {isa = PBXFileReference; explicitFileType = wrapper.cfbundle; includeInIndex = 0; path = TestDemoTests.xctest; sourceTree = BUILT_PRODUCTS_DIR; };
		6C6A98D91F2825920030EA66 /* TestDemoTests.m */ = {isa = PBXFileReference; lastKnownFileType = sourcecode.c.objc; path = TestDemoTests.m; sourceTree = "<group>"; };
		6C6A98DB1F2825920030EA66 /* Info.plist */ = {isa = PBXFileReference; lastKnownFileType = text.plist.xml; path = Info.plist; sourceTree = "<group>"; };
		6C6A98E01F2825920030EA66 /* TestDemoUITests.xctest */ = {isa = PBXFileReference; explicitFileType = wrapper.cfbundle; includeInIndex = 0; path = TestDemoUITests.xctest; sourceTree = BUILT_PRODUCTS_DIR; };
		6C6A98E41F2825920030EA66 /* TestDemoUITests.m */ = {isa = PBXFileReference; lastKnownFileType = sourcecode.c.objc; path = TestDemoUITests.m; sourceTree = "<group>"; };
		6C6A98E61F2825920030EA66 /* Info.plist */ = {isa = PBXFileReference; lastKnownFileType = text.plist.xml; path = Info.plist; sourceTree = "<group>"; };
		6C6A98F21F28263E0030EA66 /* myKVO.h */ = {isa = PBXFileReference; fileEncoding = 4; lastKnownFileType = sourcecode.c.h; path = myKVO.h; sourceTree = "<group>"; };
		6C6A98F31F28263E0030EA66 /* myKVO.m */ = {isa = PBXFileReference; fileEncoding = 4; lastKnownFileType = sourcecode.c.objc; path = myKVO.m; sourceTree = "<group>"; };
/* End PBXFileReference section */

/* Begin PBXFrameworksBuildPhase section */
		6C6A98B91F2825910030EA66 /* Frameworks */ = {
			isa = PBXFrameworksBuildPhase;
			buildActionMask = 2147483647;
			files = (
			);
			runOnlyForDeploymentPostprocessing = 0;
		};
		6C6A98D21F2825920030EA66 /* Frameworks */ = {
			isa = PBXFrameworksBuildPhase;
			buildActionMask = 2147483647;
			files = (
			);
			runOnlyForDeploymentPostprocessing = 0;
		};
		6C6A98DD1F2825920030EA66 /* Frameworks */ = {
			isa = PBXFrameworksBuildPhase;
			buildActionMask = 2147483647;
			files = (
			);
			runOnlyForDeploymentPostprocessing = 0;
		};
/* End PBXFrameworksBuildPhase section */

/* Begin PBXGroup section */
		6C6A98B31F2825910030EA66 = {
			isa = PBXGroup;
			children = (
				6C6A98BE1F2825910030EA66 /* TestDemo */,
				6C6A98D81F2825920030EA66 /* TestDemoTests */,
				6C6A98E31F2825920030EA66 /* TestDemoUITests */,
				6C6A98BD1F2825910030EA66 /* Products */,
			);
			sourceTree = "<group>";
		};
		6C6A98BD1F2825910030EA66 /* Products */ = {
			isa = PBXGroup;
			children = (
				6C6A98BC1F2825910030EA66 /* TestDemo.app */,
				6C6A98D51F2825920030EA66 /* TestDemoTests.xctest */,
				6C6A98E01F2825920030EA66 /* TestDemoUITests.xctest */,
			);
			name = Products;
			sourceTree = "<group>";
		};
		6C6A98BE1F2825910030EA66 /* TestDemo */ = {
			isa = PBXGroup;
			children = (
				6C6A98C21F2825910030EA66 /* AppDelegate.h */,
				6C6A98C31F2825910030EA66 /* AppDelegate.m */,
				6C6A98F21F28263E0030EA66 /* myKVO.h */,
				6C6A98F31F28263E0030EA66 /* myKVO.m */,
				6C6A98C51F2825910030EA66 /* ViewController.h */,
				6C6A98C61F2825910030EA66 /* ViewController.m */,
				6C6A98C81F2825910030EA66 /* Main.storyboard */,
				6C6A98CB1F2825910030EA66 /* Assets.xcassets */,
				6C6A98CD1F2825910030EA66 /* LaunchScreen.storyboard */,
				6C6A98D01F2825910030EA66 /* Info.plist */,
				6C6A98BF1F2825910030EA66 /* Supporting Files */,
			);
			path = TestDemo;
			sourceTree = "<group>";
		};
		6C6A98BF1F2825910030EA66 /* Supporting Files */ = {
			isa = PBXGroup;
			children = (
				6C6A98C01F2825910030EA66 /* main.m */,
			);
			name = "Supporting Files";
			sourceTree = "<group>";
		};
		6C6A98D81F2825920030EA66 /* TestDemoTests */ = {
			isa = PBXGroup;
			children = (
				6C6A98D91F2825920030EA66 /* TestDemoTests.m */,
				6C6A98DB1F2825920030EA66 /* Info.plist */,
			);
			path = TestDemoTests;
			sourceTree = "<group>";
		};
		6C6A98E31F2825920030EA66 /* TestDemoUITests */ = {
			isa = PBXGroup;
			children = (
				6C6A98E41F2825920030EA66 /* TestDemoUITests.m */,
				6C6A98E61F2825920030EA66 /* Info.plist */,
			);
			path = TestDemoUITests;
			sourceTree = "<group>";
		};
/* End PBXGroup section */

/* Begin PBXNativeTarget section */
		6C6A98BB1F2825910030EA66 /* TestDemo */ = {
			isa = PBXNativeTarget;
			buildConfigurationList = 6C6A98E91F2825920030EA66 /* Build configuration list for PBXNativeTarget "TestDemo" */;
			buildPhases = (
				6C6A98B81F2825910030EA66 /* Sources */,
				6C6A98B91F2825910030EA66 /* Frameworks */,
				6C6A98BA1F2825910030EA66 /* Resources */,
			);
			buildRules = (
			);
			dependencies = (
			);
			name = TestDemo;
			productName = TestDemo;
			productReference = 6C6A98BC1F2825910030EA66 /* TestDemo.app */;
			productType = "com.apple.product-type.application";
		};
		6C6A98D41F2825920030EA66 /* TestDemoTests */ = {
			isa = PBXNativeTarget;
			buildConfigurationList = 6C6A98EC1F2825920030EA66 /* Build configuration list for PBXNativeTarget "TestDemoTests" */;
			buildPhases = (
				6C6A98D11F2825920030EA66 /* Sources */,
				6C6A98D21F2825920030EA66 /* Frameworks */,
				6C6A98D31F2825920030EA66 /* Resources */,
			);
			buildRules = (
			);
			dependencies = (
				6C6A98D71F2825920030EA66 /* PBXTargetDependency */,
			);
			name = TestDemoTests;
			productName = TestDemoTests;
			productReference = 6C6A98D51F2825920030EA66 /* TestDemoTests.xctest */;
			productType = "com.apple.product-type.bundle.unit-test";
		};
		6C6A98DF1F2825920030EA66 /* TestDemoUITests */ = {
			isa = PBXNativeTarget;
			buildConfigurationList = 6C6A98EF1F2825920030EA66 /* Build configuration list for PBXNativeTarget "TestDemoUITests" */;
			buildPhases = (
				6C6A98DC1F2825920030EA66 /* Sources */,
				6C6A98DD1F2825920030EA66 /* Frameworks */,
				6C6A98DE1F2825920030EA66 /* Resources */,
			);
			buildRules = (
			);
			dependencies = (
				6C6A98E21F2825920030EA66 /* PBXTargetDependency */,
			);
			name = TestDemoUITests;
			productName = TestDemoUITests;
			productReference = 6C6A98E01F2825920030EA66 /* TestDemoUITests.xctest */;
			productType = "com.apple.product-type.bundle.ui-testing";
		};
/* End PBXNativeTarget section */

/* Begin PBXProject section */
		6C6A98B41F2825910030EA66 /* Project object */ = {
			isa = PBXProject;
			attributes = {
				LastUpgradeCheck = 0830;
				ORGANIZATIONNAME = KenenCS;
				TargetAttributes = {
					6C6A98BB1F2825910030EA66 = {
						CreatedOnToolsVersion = 8.3.3;
						ProvisioningStyle = Automatic;
					};
					6C6A98D41F2825920030EA66 = {
						CreatedOnToolsVersion = 8.3.3;
						ProvisioningStyle = Automatic;
						TestTargetID = 6C6A98BB1F2825910030EA66;
					};
					6C6A98DF1F2825920030EA66 = {
						CreatedOnToolsVersion = 8.3.3;
						ProvisioningStyle = Automatic;
						TestTargetID = 6C6A98BB1F2825910030EA66;
					};
				};
			};
			buildConfigurationList = 6C6A98B71F2825910030EA66 /* Build configuration list for PBXProject "TestDemo" */;
			compatibilityVersion = "Xcode 3.2";
			developmentRegion = English;
			hasScannedForEncodings = 0;
			knownRegions = (
				en,
				Base,
			);
			mainGroup = 6C6A98B31F2825910030EA66;
			productRefGroup = 6C6A98BD1F2825910030EA66 /* Products */;
			projectDirPath = "";
			projectRoot = "";
			targets = (
				6C6A98BB1F2825910030EA66 /* TestDemo */,
				6C6A98D41F2825920030EA66 /* TestDemoTests */,
				6C6A98DF1F2825920030EA66 /* TestDemoUITests */,
			);
		};
/* End PBXProject section */

/* Begin PBXResourcesBuildPhase section */
		6C6A98BA1F2825910030EA66 /* Resources */ = {
			isa = PBXResourcesBuildPhase;
			buildActionMask = 2147483647;
			files = (
				6C6A98CF1F2825910030EA66 /* LaunchScreen.storyboard in Resources */,
				6C6A98CC1F2825910030EA66 /* Assets.xcassets in Resources */,
				6C6A98CA1F2825910030EA66 /* Main.storyboard in Resources */,
			);
			runOnlyForDeploymentPostprocessing = 0;
		};
		6C6A98D31F2825920030EA66 /* Resources */ = {
			isa = PBXResourcesBuildPhase;
			buildActionMask = 2147483647;
			files = (
			);
			runOnlyForDeploymentPostprocessing = 0;
		};
		6C6A98DE1F2825920030EA66 /* Resources */ = {
			isa = PBXResourcesBuildPhase;
			buildActionMask = 2147483647;
			files = (
			);
			runOnlyForDeploymentPostprocessing = 0;
		};
/* End PBXResourcesBuildPhase section */

/* Begin PBXSourcesBuildPhase section */
		6C6A98B81F2825910030EA66 /* Sources */ = {
			isa = PBXSourcesBuildPhase;
			buildActionMask = 2147483647;
			files = (
				6C6A98F41F28263E0030EA66 /* myKVO.m in Sources */,
				6C6A98C71F2825910030EA66 /* ViewController.m in Sources */,
				6C6A98C41F2825910030EA66 /* AppDelegate.m in Sources */,
				6C6A98C11F2825910030EA66 /* main.m in Sources */,
			);
			runOnlyForDeploymentPostprocessing = 0;
		};
		6C6A98D11F2825920030EA66 /* Sources */ = {
			isa = PBXSourcesBuildPhase;
			buildActionMask = 2147483647;
			files = (
				6C6A98DA1F2825920030EA66 /* TestDemoTests.m in Sources */,
			);
			runOnlyForDeploymentPostprocessing = 0;
		};
		6C6A98DC1F2825920030EA66 /* Sources */ = {
			isa = PBXSourcesBuildPhase;
			buildActionMask = 2147483647;
			files = (
				6C6A98E51F2825920030EA66 /* TestDemoUITests.m in Sources */,
			);
			runOnlyForDeploymentPostprocessing = 0;
		};
/* End PBXSourcesBuildPhase section */

/* Begin PBXTargetDependency section */
		6C6A98D71F2825920030EA66 /* PBXTargetDependency */ = {
			isa = PBXTargetDependency;
			target = 6C6A98BB1F2825910030EA66 /* TestDemo */;
			targetProxy = 6C6A98D61F2825920030EA66 /* PBXContainerItemProxy */;
		};
		6C6A98E21F2825920030EA66 /* PBXTargetDependency */ = {
			isa = PBXTargetDependency;
			target = 6C6A98BB1F2825910030EA66 /* TestDemo */;
			targetProxy = 6C6A98E11F2825920030EA66 /* PBXContainerItemProxy */;
		};
/* End PBXTargetDependency section */

/* Begin PBXVariantGroup section */
		6C6A98C81F2825910030EA66 /* Main.storyboard */ = {
			isa = PBXVariantGroup;
			children = (
				6C6A98C91F2825910030EA66 /* Base */,
			);
			name = Main.storyboard;
			sourceTree = "<group>";
		};
		6C6A98CD1F2825910030EA66 /* LaunchScreen.storyboard */ = {
			isa = PBXVariantGroup;
			children = (
				6C6A98CE1F2825910030EA66 /* Base */,
			);
			name = LaunchScreen.storyboard;
			sourceTree = "<group>";
		};
/* End PBXVariantGroup section */

/* Begin XCBuildConfiguration section */
		6C6A98E71F2825920030EA66 /* Debug */ = {
			isa = XCBuildConfiguration;
			buildSettings = {
				ALWAYS_SEARCH_USER_PATHS = NO;
				CLANG_ANALYZER_NONNULL = YES;
				CLANG_ANALYZER_NUMBER_OBJECT_CONVERSION = YES_AGGRESSIVE;
				CLANG_CXX_LANGUAGE_STANDARD = "gnu++0x";
				CLANG_CXX_LIBRARY = "libc++";
				CLANG_ENABLE_MODULES = YES;
				CLANG_ENABLE_OBJC_ARC = YES;
				CLANG_WARN_BOOL_CONVERSION = YES;
				CLANG_WARN_CONSTANT_CONVERSION = YES;
				CLANG_WARN_DIRECT_OBJC_ISA_USAGE = YES_ERROR;
				CLANG_WARN_DOCUMENTATION_COMMENTS = YES;
				CLANG_WARN_EMPTY_BODY = YES;
				CLANG_WARN_ENUM_CONVERSION = YES;
				CLANG_WARN_INFINITE_RECURSION = YES;
				CLANG_WARN_INT_CONVERSION = YES;
				CLANG_WARN_OBJC_ROOT_CLASS = YES_ERROR;
				CLANG_WARN_SUSPICIOUS_MOVE = YES;
				CLANG_WARN_UNREACHABLE_CODE = YES;
				CLANG_WARN__DUPLICATE_METHOD_MATCH = YES;
				"CODE_SIGN_IDENTITY[sdk=iphoneos*]" = "iPhone Developer";
				COPY_PHASE_STRIP = NO;
				DEBUG_INFORMATION_FORMAT = dwarf;
				ENABLE_STRICT_OBJC_MSGSEND = YES;
				ENABLE_TESTABILITY = YES;
				GCC_C_LANGUAGE_STANDARD = gnu99;
				GCC_DYNAMIC_NO_PIC = NO;
				GCC_NO_COMMON_BLOCKS = YES;
				GCC_OPTIMIZATION_LEVEL = 0;
				GCC_PREPROCESSOR_DEFINITIONS = (
					"DEBUG=1",
					"$(inherited)",
				);
				GCC_WARN_64_TO_32_BIT_CONVERSION = YES;
				GCC_WARN_ABOUT_RETURN_TYPE = YES_ERROR;
				GCC_WARN_UNDECLARED_SELECTOR = YES;
				GCC_WARN_UNINITIALIZED_AUTOS = YES_AGGRESSIVE;
				GCC_WARN_UNUSED_FUNCTION = YES;
				GCC_WARN_UNUSED_VARIABLE = YES;
				IPHONEOS_DEPLOYMENT_TARGET = 10.3;
				MTL_ENABLE_DEBUG_INFO = YES;
				ONLY_ACTIVE_ARCH = YES;
				SDKROOT = iphoneos;
				TARGETED_DEVICE_FAMILY = "1,2";
			};
			name = Debug;
		};
		6C6A98E81F2825920030EA66 /* Release */ = {
			isa = XCBuildConfiguration;
			buildSettings = {
				ALWAYS_SEARCH_USER_PATHS = NO;
				CLANG_ANALYZER_NONNULL = YES;
				CLANG_ANALYZER_NUMBER_OBJECT_CONVERSION = YES_AGGRESSIVE;
				CLANG_CXX_LANGUAGE_STANDARD = "gnu++0x";
				CLANG_CXX_LIBRARY = "libc++";
				CLANG_ENABLE_MODULES = YES;
				CLANG_ENABLE_OBJC_ARC = YES;
				CLANG_WARN_BOOL_CONVERSION = YES;
				CLANG_WARN_CONSTANT_CONVERSION = YES;
				CLANG_WARN_DIRECT_OBJC_ISA_USAGE = YES_ERROR;
				CLANG_WARN_DOCUMENTATION_COMMENTS = YES;
				CLANG_WARN_EMPTY_BODY = YES;
				CLANG_WARN_ENUM_CONVERSION = YES;
				CLANG_WARN_INFINITE_RECURSION = YES;
				CLANG_WARN_INT_CONVERSION = YES;
				CLANG_WARN_OBJC_ROOT_CLASS = YES_ERROR;
				CLANG_WARN_SUSPICIOUS_MOVE = YES;
				CLANG_WARN_UNREACHABLE_CODE = YES;
				CLANG_WARN__DUPLICATE_METHOD_MATCH = YES;
				"CODE_SIGN_IDENTITY[sdk=iphoneos*]" = "iPhone Developer";
				COPY_PHASE_STRIP = NO;
				DEBUG_INFORMATION_FORMAT = "dwarf-with-dsym";
				ENABLE_NS_ASSERTIONS = NO;
				ENABLE_STRICT_OBJC_MSGSEND = YES;
				GCC_C_LANGUAGE_STANDARD = gnu99;
				GCC_NO_COMMON_BLOCKS = YES;
				GCC_WARN_64_TO_32_BIT_CONVERSION = YES;
				GCC_WARN_ABOUT_RETURN_TYPE = YES_ERROR;
				GCC_WARN_UNDECLARED_SELECTOR = YES;
				GCC_WARN_UNINITIALIZED_AUTOS = YES_AGGRESSIVE;
				GCC_WARN_UNUSED_FUNCTION = YES;
				GCC_WARN_UNUSED_VARIABLE = YES;
				IPHONEOS_DEPLOYMENT_TARGET = 10.3;
				MTL_ENABLE_DEBUG_INFO = NO;
				SDKROOT = iphoneos;
				TARGETED_DEVICE_FAMILY = "1,2";
				VALIDATE_PRODUCT = YES;
			};
			name = Release;
		};
		6C6A98EA1F2825920030EA66 /* Debug */ = {
			isa = XCBuildConfiguration;
			buildSettings = {
				ASSETCATALOG_COMPILER_APPICON_NAME = AppIcon;
				INFOPLIST_FILE = TestDemo/Info.plist;
				LD_RUNPATH_SEARCH_PATHS = "$(inherited) @executable_path/Frameworks";
				PRODUCT_BUNDLE_IDENTIFIER = kenencs.TestDemo;
				PRODUCT_NAME = "$(TARGET_NAME)";
			};
			name = Debug;
		};
		6C6A98EB1F2825920030EA66 /* Release */ = {
			isa = XCBuildConfiguration;
			buildSettings = {
				ASSETCATALOG_COMPILER_APPICON_NAME = AppIcon;
				INFOPLIST_FILE = TestDemo/Info.plist;
				LD_RUNPATH_SEARCH_PATHS = "$(inherited) @executable_path/Frameworks";
				PRODUCT_BUNDLE_IDENTIFIER = kenencs.TestDemo;
				PRODUCT_NAME = "$(TARGET_NAME)";
			};
			name = Release;
		};
		6C6A98ED1F2825920030EA66 /* Debug */ = {
			isa = XCBuildConfiguration;
			buildSettings = {
				BUNDLE_LOADER = "$(TEST_HOST)";
				INFOPLIST_FILE = TestDemoTests/Info.plist;
				LD_RUNPATH_SEARCH_PATHS = "$(inherited) @executable_path/Frameworks @loader_path/Frameworks";
				PRODUCT_BUNDLE_IDENTIFIER = kenencs.TestDemoTests;
				PRODUCT_NAME = "$(TARGET_NAME)";
				TEST_HOST = "$(BUILT_PRODUCTS_DIR)/TestDemo.app/TestDemo";
			};
			name = Debug;
		};
		6C6A98EE1F2825920030EA66 /* Release */ = {
			isa = XCBuildConfiguration;
			buildSettings = {
				BUNDLE_LOADER = "$(TEST_HOST)";
				INFOPLIST_FILE = TestDemoTests/Info.plist;
				LD_RUNPATH_SEARCH_PATHS = "$(inherited) @executable_path/Frameworks @loader_path/Frameworks";
				PRODUCT_BUNDLE_IDENTIFIER = kenencs.TestDemoTests;
				PRODUCT_NAME = "$(TARGET_NAME)";
				TEST_HOST = "$(BUILT_PRODUCTS_DIR)/TestDemo.app/TestDemo";
			};
			name = Release;
		};
		6C6A98F01F2825920030EA66 /* Debug */ = {
			isa = XCBuildConfiguration;
			buildSettings = {
				INFOPLIST_FILE = TestDemoUITests/Info.plist;
				LD_RUNPATH_SEARCH_PATHS = "$(inherited) @executable_path/Frameworks @loader_path/Frameworks";
				PRODUCT_BUNDLE_IDENTIFIER = kenencs.TestDemoUITests;
				PRODUCT_NAME = "$(TARGET_NAME)";
				TEST_TARGET_NAME = TestDemo;
			};
			name = Debug;
		};
		6C6A98F11F2825920030EA66 /* Release */ = {
			isa = XCBuildConfiguration;
			buildSettings = {
				INFOPLIST_FILE = TestDemoUITests/Info.plist;
				LD_RUNPATH_SEARCH_PATHS = "$(inherited) @executable_path/Frameworks @loader_path/Frameworks";
				PRODUCT_BUNDLE_IDENTIFIER = kenencs.TestDemoUITests;
				PRODUCT_NAME = "$(TARGET_NAME)";
				TEST_TARGET_NAME = TestDemo;
			};
			name = Release;
		};
/* End XCBuildConfiguration section */

/* Begin XCConfigurationList section */
		6C6A98B71F2825910030EA66 /* Build configuration list for PBXProject "TestDemo" */ = {
			isa = XCConfigurationList;
			buildConfigurations = (
				6C6A98E71F2825920030EA66 /* Debug */,
				6C6A98E81F2825920030EA66 /* Release */,
			);
			defaultConfigurationIsVisible = 0;
			defaultConfigurationName = Release;
		};
		6C6A98E91F2825920030EA66 /* Build configuration list for PBXNativeTarget "TestDemo" */ = {
			isa = XCConfigurationList;
			buildConfigurations = (
				6C6A98EA1F2825920030EA66 /* Debug */,
				6C6A98EB1F2825920030EA66 /* Release */,
			);
			defaultConfigurationIsVisible = 0;
		};
		6C6A98EC1F2825920030EA66 /* Build configuration list for PBXNativeTarget "TestDemoTests" */ = {
			isa = XCConfigurationList;
			buildConfigurations = (
				6C6A98ED1F2825920030EA66 /* Debug */,
				6C6A98EE1F2825920030EA66 /* Release */,
			);
			defaultConfigurationIsVisible = 0;
		};
		6C6A98EF1F2825920030EA66 /* Build configuration list for PBXNativeTarget "TestDemoUITests" */ = {
			isa = XCConfigurationList;
			buildConfigurations = (
				6C6A98F01F2825920030EA66 /* Debug */,
				6C6A98F11F2825920030EA66 /* Release */,
			);
			defaultConfigurationIsVisible = 0;
		};
/* End XCConfigurationList section */
	};
	rootObject = 6C6A98B41F2825910030EA66 /* Project object */;
}
